
Microsoft Visual Studio Solution File, Format Version 12.00
# Visual Studio 15
VisualStudioVersion = 15.0.28307.271
MinimumVisualStudioVersion = 10.0.40219.1
Project("{FAE04EC0-301F-11D3-BF4B-00C04F79EFBC}") = "AktienHandelSim", "AktienHandelSim\AktienHandelSim.csproj", "{ABC1239C-C499-42AA-99D3-81A4DBC90B9B}"
EndProject
Project("{FAE04EC0-301F-11D3-BF4B-00C04F79EFBC}") = "MVVMFramework", "MVVMFramework\MVVMFramework.csproj", "{60708297-38DC-4B4C-8065-C886809A8607}"
EndProject
Global
	GlobalSection(SolutionConfigurationPlatforms) = preSolution
		Debug|Any CPU = Debug|Any CPU
		Release|Any CPU = Release|Any CPU
	EndGlobalSection
	GlobalSection(ProjectConfigurationPlatforms) = postSolution
		{ABC1239C-C499-42AA-99D3-81A4DBC90B9B}.Debug|Any CPU.ActiveCfg = Debug|Any CPU
		{ABC1239C-C499-42AA-99D3-81A4DBC90B9B}.Debug|Any CPU.Build.0 = Debug|Any CPU
		{ABC1239C-C499-42AA-99D3-81A4DBC90B9B}.Release|Any CPU.ActiveCfg = Release|Any CPU
		{ABC1239C-C499-42AA-99D3-81A4DBC90B9B}.Release|Any CPU.Build.0 = Release|Any CPU
		{60708297-38DC-4B4C-8065-C886809A8607}.Debug|Any CPU.ActiveCfg = Debug|Any CPU
		{60708297-38DC-4B4C-8065-C886809A8607}.Debug|Any CPU.Build.0 = Debug|Any CPU
		{60708297-38DC-4B4C-8065-C886809A8607}.Release|Any CPU.ActiveCfg = Release|Any CPU
		{60708297-38DC-4B4C-8065-C886809A8607}.Release|Any CPU.Build.0 = Release|Any CPU
	EndGlobalSection
	GlobalSection(SolutionProperties) = preSolution
		HideSolutionNode = FALSE
	EndGlobalSection
	GlobalSection(ExtensibilityGlobals) = postSolution
		SolutionGuid = {A416A000-72D1-4982-99F6-7F5CEE1559A6}
	EndGlobalSection
EndGlobal
