
Microsoft Visual Studio Solution File, Format Version 12.00
# Visual Studio 15
VisualStudioVersion = 15.0.28307.271
MinimumVisualStudioVersion = 10.0.40219.1
Project("{2150E333-8FDC-42A3-9474-1A3956D46DE8}") = "Hausaufgaben", "Hausaufgaben", "{88E50110-1D82-4434-9949-65599897167F}"
EndProject
Project("{2150E333-8FDC-42A3-9474-1A3956D46DE8}") = "BeispieleAusDenFolien", "BeispieleAusDenFolien", "{BF2C6FFC-C19E-4C3E-AA37-58CE1A143C82}"
EndProject
Project("{2150E333-8FDC-42A3-9474-1A3956D46DE8}") = "Experimente", "Experimente", "{EFC0E396-108D-481D-A73B-3155CD6E9411}"
EndProject
Project("{FAE04EC0-301F-11D3-BF4B-00C04F79EFBC}") = "Übung_1_1_Mitarbeiterdaten", "Übung_1_1_Mitarbeiterdaten\Übung_1_1_Mitarbeiterdaten.csproj", "{3DA22C6D-5F2C-4FBA-90C9-17386E101717}"
EndProject
Project("{FAE04EC0-301F-11D3-BF4B-00C04F79EFBC}") = "Übung_1_3_Books_verarbeiten", "Übung_1_3_Books_verarbeiten\Übung_1_3_Books_verarbeiten.csproj", "{0D03B5A3-F99E-428E-BE2F-81E0F0C3CEF4}"
EndProject
Project("{FAE04EC0-301F-11D3-BF4B-00C04F79EFBC}") = "Übung_2.1_Personalverwaltung", "Übung_2.2_Personalverwaltung\Übung_2.1_Personalverwaltung.csproj", "{C73EBDB6-D76C-41AD-B9C6-2F257F40F7F6}"
EndProject
Project("{FAE04EC0-301F-11D3-BF4B-00C04F79EFBC}") = "ADO.NET", "ADO.NET\ADO.NET.csproj", "{ECEAF0BB-01D2-4915-89FF-E738FD3A0884}"
EndProject
Project("{FAE04EC0-301F-11D3-BF4B-00C04F79EFBC}") = "Klassen_Methoden_auslagern", "Klassen_Methoden_auslagern\Klassen_Methoden_auslagern.csproj", "{E20631CD-4F91-44B0-8DC5-3719907C66F8}"
EndProject
Project("{FAE04EC0-301F-11D3-BF4B-00C04F79EFBC}") = "NinjaDomain.Classes", "NinjaDomain.Classes\NinjaDomain.Classes.csproj", "{73982B85-006F-4489-9FC5-7C5AB989B9E2}"
EndProject
Project("{FAE04EC0-301F-11D3-BF4B-00C04F79EFBC}") = "NinjaDomain.DataModel", "NinjaDomain.DataModel\NinjaDomain.DataModel.csproj", "{FA7A1A5A-8E0B-4AD7-848F-5F7A68CD5EAE}"
EndProject
Project("{FAE04EC0-301F-11D3-BF4B-00C04F79EFBC}") = "NinjaDomain.ConsoleApplication", "NinjaDomain.ConsoleApplication\NinjaDomain.ConsoleApplication.csproj", "{FC25ECB9-9003-4013-945C-8BD0CA5BAAB0}"
EndProject
Project("{FAE04EC0-301F-11D3-BF4B-00C04F79EFBC}") = "SkisDomain.Classes", "SkisDomain.Classes\SkisDomain.Classes.csproj", "{C9CBA94E-8233-4676-B7B6-CE02F011B89F}"
EndProject
Project("{FAE04EC0-301F-11D3-BF4B-00C04F79EFBC}") = "SkisDomain.DataModel", "SkisDomain.DataModel\SkisDomain.DataModel.csproj", "{D8495CBD-6315-4048-AD27-FC343C7A47A3}"
EndProject
Project("{FAE04EC0-301F-11D3-BF4B-00C04F79EFBC}") = "SkisDomain.ConsoleApplication", "SkisDomain.ConsoleApplication\SkisDomain.ConsoleApplication.csproj", "{49238C87-E034-4AE2-B86E-B891DBD2F380}"
EndProject
Project("{FAE04EC0-301F-11D3-BF4B-00C04F79EFBC}") = "RecipeApp", "RecipeApp\RecipeApp.csproj", "{F1CC4633-DD5E-42F9-B518-0E4D319D62E1}"
EndProject
Project("{FAE04EC0-301F-11D3-BF4B-00C04F79EFBC}") = "Übung_4.1", "Übung_4.1\Übung_4.1.csproj", "{371A2950-4D3B-4C5B-9ED0-0459CCA00446}"
EndProject
Project("{2150E333-8FDC-42A3-9474-1A3956D46DE8}") = "MLZ-Skiservice", "MLZ-Skiservice", "{C059F4E5-386A-40DC-BEAA-8716DA42D97B}"
EndProject
Project("{FAE04EC0-301F-11D3-BF4B-00C04F79EFBC}") = "SkiService.DataModel", "SkiService.DataModel\SkiService.DataModel.csproj", "{E4FB5FD2-47AE-4045-9F49-7499D170E024}"
EndProject
Project("{FAE04EC0-301F-11D3-BF4B-00C04F79EFBC}") = "SkiServiceApp", "SkiServiceApp\SkiServiceApp.csproj", "{E7F5A500-C70E-4864-A7B3-83FEFFEA71C4}"
EndProject
Project("{FAE04EC0-301F-11D3-BF4B-00C04F79EFBC}") = "Übung_4.2_Personalverwaltung", "Übung_4.2_Personalverwaltung\Übung_4.2_Personalverwaltung.csproj", "{97A38638-F2DB-4DA4-B14B-ACC3D0A78D94}"
EndProject
Project("{FAE04EC0-301F-11D3-BF4B-00C04F79EFBC}") = "WpfTests", "WpfTests\WpfTests.csproj", "{96397DCC-72B3-4B1A-A448-563B6CD7E76E}"
EndProject
Project("{FAE04EC0-301F-11D3-BF4B-00C04F79EFBC}") = "WpfTest_2", "WpfTest_2\WpfTest_2.csproj", "{F22582E6-1B10-4DC3-B508-D5F1CE269614}"
EndProject
Project("{FAE04EC0-301F-11D3-BF4B-00C04F79EFBC}") = "BookInventory_MVVM_StepByStep", "BookInventory_MVVM_StepByStep\BookInventory_MVVM_StepByStep.csproj", "{429193C3-58D2-47FD-944C-61B7F2B357DC}"
EndProject
Project("{FAE04EC0-301F-11D3-BF4B-00C04F79EFBC}") = "BookInventory_MVVM_StepByStep_02", "BookInventory_MVVM_StepByStepTemplate1\BookInventory_MVVM_StepByStep_02.csproj", "{114940CA-83A9-4734-A11A-09ABC4EB1E5F}"
EndProject
Project("{FAE04EC0-301F-11D3-BF4B-00C04F79EFBC}") = "BookInventory_MVVM_StepByStep_03", "BookInventory_MVVM_StepByStep_03\BookInventory_MVVM_StepByStep_03.csproj", "{88564236-AF96-40E8-8EED-3BBBC9A801AB}"
EndProject
Project("{FAE04EC0-301F-11D3-BF4B-00C04F79EFBC}") = "BookInventory_MVVM_StepByStep_04", "BookInventory_MVVM_StepByStep_04\BookInventory_MVVM_StepByStep_04.csproj", "{3E93370D-C097-4209-A35D-FA666BC1D7CA}"
EndProject
Project("{FAE04EC0-301F-11D3-BF4B-00C04F79EFBC}") = "20_MvvmFramework", "20_MvvmFramework\20_MvvmFramework.csproj", "{8A932C9D-B7EC-49D9-BD90-88B80CF789DB}"
EndProject
Project("{FAE04EC0-301F-11D3-BF4B-00C04F79EFBC}") = "BookInventory_MVVM_StepByStep_05", "BookInventory_MVVM_StepByStep_05\BookInventory_MVVM_StepByStep_05.csproj", "{A4E904A4-2CF1-43E2-97D0-B14AC75A4B87}"
EndProject
Project("{FAE04EC0-301F-11D3-BF4B-00C04F79EFBC}") = "BookInventory_MVVM_StepByStep_06", "BookInventory_MVVM_StepByStep_6\BookInventory_MVVM_StepByStep_06.csproj", "{1F4A2DE0-604A-4F10-953E-997E26D90C54}"
EndProject
Project("{FAE04EC0-301F-11D3-BF4B-00C04F79EFBC}") = "BookInventory_MVVM_StepByStep_07", "BookInventory_MVVM_StepByStep_07\BookInventory_MVVM_StepByStep_07.csproj", "{0E44F3BF-BF87-49A7-93AF-264E7DD5DDEC}"
EndProject
Project("{FAE04EC0-301F-11D3-BF4B-00C04F79EFBC}") = "BookInventory_MVVM_StepByStep_Test_07", "BookInventory_MVVM_StepByStep_Test_07\BookInventory_MVVM_StepByStep_Test_07.csproj", "{56B79CEF-423E-4D7B-B257-C677588A6024}"
EndProject
Project("{FAE04EC0-301F-11D3-BF4B-00C04F79EFBC}") = "Entity_Codefirst_Prototyp", "Entity_Codefirst_Prototyp\Entity_Codefirst_Prototyp.csproj", "{CFD92489-82A8-4A86-B559-170FC8441A97}"
EndProject
Project("{FAE04EC0-301F-11D3-BF4B-00C04F79EFBC}") = "TestChart", "TestChart\TestChart.csproj", "{A55B4AF8-3B87-4368-A303-51C806D572A3}"
EndProject
Project("{FAE04EC0-301F-11D3-BF4B-00C04F79EFBC}") = "TestBindingCombobox", "TestBindingCombobox\TestBindingCombobox.csproj", "{0BD4DFCA-619B-464E-B3D8-280FA7FC49B7}"
EndProject
Project("{FAE04EC0-301F-11D3-BF4B-00C04F79EFBC}") = "Übung_5.1", "Übung_5.1\Übung_5.1.csproj", "{B567C968-CB39-4AC7-8792-040D4C344107}"
EndProject
Project("{FAE04EC0-301F-11D3-BF4B-00C04F79EFBC}") = "Übung_5.2", "Übung_5.2\Übung_5.2.csproj", "{5A4776CC-9F79-4A7D-AC60-624689F56BEB}"
EndProject
Project("{FAE04EC0-301F-11D3-BF4B-00C04F79EFBC}") = "Übung_5.5", "Übung_5.5\Übung_5.5.csproj", "{53FCF8E4-CC60-4CEA-88BF-0FCFB53E754F}"
EndProject
Project("{FAE04EC0-301F-11D3-BF4B-00C04F79EFBC}") = "Übung_5.6", "Übung_5.6\Übung_5.6.csproj", "{8A89CEBF-5DA5-4F53-82DE-EC79C428B663}"
EndProject
Project("{FAE04EC0-301F-11D3-BF4B-00C04F79EFBC}") = "Übung_5.7", "Übung_5.7\Übung_5.7.csproj", "{94DCA798-7CEC-4CEC-8619-11F3B92E20C7}"
EndProject
Project("{FAE04EC0-301F-11D3-BF4B-00C04F79EFBC}") = "Übung_5.8", "Übung_5.8\Übung_5.8.csproj", "{4F18BB88-292F-4C25-89E4-F43779472E92}"
EndProject
Project("{2150E333-8FDC-42A3-9474-1A3956D46DE8}") = "ChainOfResponsibility", "ChainOfResponsibility", "{9081805B-9DF5-48C5-A76F-C537CCD1682F}"
EndProject
Project("{FAE04EC0-301F-11D3-BF4B-00C04F79EFBC}") = "CoR_Beispiel_1", "CoR_Beispiel_1\CoR_Beispiel_1.csproj", "{D86D2F42-3969-4B70-B5ED-62554897F2EC}"
EndProject
Project("{FAE04EC0-301F-11D3-BF4B-00C04F79EFBC}") = "CoR_Beispiel_2", "CoR_Beispiel_2\CoR_Beispiel_2.csproj", "{FD433386-83D5-4F45-8278-622E07B683DB}"
EndProject
Global
	GlobalSection(SolutionConfigurationPlatforms) = preSolution
		Debug|Any CPU = Debug|Any CPU
		Release|Any CPU = Release|Any CPU
	EndGlobalSection
	GlobalSection(ProjectConfigurationPlatforms) = postSolution
		{3DA22C6D-5F2C-4FBA-90C9-17386E101717}.Debug|Any CPU.ActiveCfg = Debug|Any CPU
		{3DA22C6D-5F2C-4FBA-90C9-17386E101717}.Debug|Any CPU.Build.0 = Debug|Any CPU
		{3DA22C6D-5F2C-4FBA-90C9-17386E101717}.Release|Any CPU.ActiveCfg = Release|Any CPU
		{3DA22C6D-5F2C-4FBA-90C9-17386E101717}.Release|Any CPU.Build.0 = Release|Any CPU
		{0D03B5A3-F99E-428E-BE2F-81E0F0C3CEF4}.Debug|Any CPU.ActiveCfg = Debug|Any CPU
		{0D03B5A3-F99E-428E-BE2F-81E0F0C3CEF4}.Debug|Any CPU.Build.0 = Debug|Any CPU
		{0D03B5A3-F99E-428E-BE2F-81E0F0C3CEF4}.Release|Any CPU.ActiveCfg = Release|Any CPU
		{0D03B5A3-F99E-428E-BE2F-81E0F0C3CEF4}.Release|Any CPU.Build.0 = Release|Any CPU
		{C73EBDB6-D76C-41AD-B9C6-2F257F40F7F6}.Debug|Any CPU.ActiveCfg = Debug|Any CPU
		{C73EBDB6-D76C-41AD-B9C6-2F257F40F7F6}.Debug|Any CPU.Build.0 = Debug|Any CPU
		{C73EBDB6-D76C-41AD-B9C6-2F257F40F7F6}.Release|Any CPU.ActiveCfg = Release|Any CPU
		{C73EBDB6-D76C-41AD-B9C6-2F257F40F7F6}.Release|Any CPU.Build.0 = Release|Any CPU
		{ECEAF0BB-01D2-4915-89FF-E738FD3A0884}.Debug|Any CPU.ActiveCfg = Debug|Any CPU
		{ECEAF0BB-01D2-4915-89FF-E738FD3A0884}.Debug|Any CPU.Build.0 = Debug|Any CPU
		{ECEAF0BB-01D2-4915-89FF-E738FD3A0884}.Release|Any CPU.ActiveCfg = Release|Any CPU
		{ECEAF0BB-01D2-4915-89FF-E738FD3A0884}.Release|Any CPU.Build.0 = Release|Any CPU
		{E20631CD-4F91-44B0-8DC5-3719907C66F8}.Debug|Any CPU.ActiveCfg = Debug|Any CPU
		{E20631CD-4F91-44B0-8DC5-3719907C66F8}.Debug|Any CPU.Build.0 = Debug|Any CPU
		{E20631CD-4F91-44B0-8DC5-3719907C66F8}.Release|Any CPU.ActiveCfg = Release|Any CPU
		{E20631CD-4F91-44B0-8DC5-3719907C66F8}.Release|Any CPU.Build.0 = Release|Any CPU
		{73982B85-006F-4489-9FC5-7C5AB989B9E2}.Debug|Any CPU.ActiveCfg = Debug|Any CPU
		{73982B85-006F-4489-9FC5-7C5AB989B9E2}.Debug|Any CPU.Build.0 = Debug|Any CPU
		{73982B85-006F-4489-9FC5-7C5AB989B9E2}.Release|Any CPU.ActiveCfg = Release|Any CPU
		{73982B85-006F-4489-9FC5-7C5AB989B9E2}.Release|Any CPU.Build.0 = Release|Any CPU
		{FA7A1A5A-8E0B-4AD7-848F-5F7A68CD5EAE}.Debug|Any CPU.ActiveCfg = Debug|Any CPU
		{FA7A1A5A-8E0B-4AD7-848F-5F7A68CD5EAE}.Debug|Any CPU.Build.0 = Debug|Any CPU
		{FA7A1A5A-8E0B-4AD7-848F-5F7A68CD5EAE}.Release|Any CPU.ActiveCfg = Release|Any CPU
		{FA7A1A5A-8E0B-4AD7-848F-5F7A68CD5EAE}.Release|Any CPU.Build.0 = Release|Any CPU
		{FC25ECB9-9003-4013-945C-8BD0CA5BAAB0}.Debug|Any CPU.ActiveCfg = Debug|Any CPU
		{FC25ECB9-9003-4013-945C-8BD0CA5BAAB0}.Debug|Any CPU.Build.0 = Debug|Any CPU
		{FC25ECB9-9003-4013-945C-8BD0CA5BAAB0}.Release|Any CPU.ActiveCfg = Release|Any CPU
		{FC25ECB9-9003-4013-945C-8BD0CA5BAAB0}.Release|Any CPU.Build.0 = Release|Any CPU
		{C9CBA94E-8233-4676-B7B6-CE02F011B89F}.Debug|Any CPU.ActiveCfg = Debug|Any CPU
		{C9CBA94E-8233-4676-B7B6-CE02F011B89F}.Debug|Any CPU.Build.0 = Debug|Any CPU
		{C9CBA94E-8233-4676-B7B6-CE02F011B89F}.Release|Any CPU.ActiveCfg = Release|Any CPU
		{C9CBA94E-8233-4676-B7B6-CE02F011B89F}.Release|Any CPU.Build.0 = Release|Any CPU
		{D8495CBD-6315-4048-AD27-FC343C7A47A3}.Debug|Any CPU.ActiveCfg = Debug|Any CPU
		{D8495CBD-6315-4048-AD27-FC343C7A47A3}.Debug|Any CPU.Build.0 = Debug|Any CPU
		{D8495CBD-6315-4048-AD27-FC343C7A47A3}.Release|Any CPU.ActiveCfg = Release|Any CPU
		{D8495CBD-6315-4048-AD27-FC343C7A47A3}.Release|Any CPU.Build.0 = Release|Any CPU
		{49238C87-E034-4AE2-B86E-B891DBD2F380}.Debug|Any CPU.ActiveCfg = Debug|Any CPU
		{49238C87-E034-4AE2-B86E-B891DBD2F380}.Debug|Any CPU.Build.0 = Debug|Any CPU
		{49238C87-E034-4AE2-B86E-B891DBD2F380}.Release|Any CPU.ActiveCfg = Release|Any CPU
		{49238C87-E034-4AE2-B86E-B891DBD2F380}.Release|Any CPU.Build.0 = Release|Any CPU
		{F1CC4633-DD5E-42F9-B518-0E4D319D62E1}.Debug|Any CPU.ActiveCfg = Debug|Any CPU
		{F1CC4633-DD5E-42F9-B518-0E4D319D62E1}.Debug|Any CPU.Build.0 = Debug|Any CPU
		{F1CC4633-DD5E-42F9-B518-0E4D319D62E1}.Release|Any CPU.ActiveCfg = Release|Any CPU
		{F1CC4633-DD5E-42F9-B518-0E4D319D62E1}.Release|Any CPU.Build.0 = Release|Any CPU
		{371A2950-4D3B-4C5B-9ED0-0459CCA00446}.Debug|Any CPU.ActiveCfg = Debug|Any CPU
		{371A2950-4D3B-4C5B-9ED0-0459CCA00446}.Debug|Any CPU.Build.0 = Debug|Any CPU
		{371A2950-4D3B-4C5B-9ED0-0459CCA00446}.Release|Any CPU.ActiveCfg = Release|Any CPU
		{371A2950-4D3B-4C5B-9ED0-0459CCA00446}.Release|Any CPU.Build.0 = Release|Any CPU
		{E4FB5FD2-47AE-4045-9F49-7499D170E024}.Debug|Any CPU.ActiveCfg = Debug|Any CPU
		{E4FB5FD2-47AE-4045-9F49-7499D170E024}.Debug|Any CPU.Build.0 = Debug|Any CPU
		{E4FB5FD2-47AE-4045-9F49-7499D170E024}.Release|Any CPU.ActiveCfg = Release|Any CPU
		{E4FB5FD2-47AE-4045-9F49-7499D170E024}.Release|Any CPU.Build.0 = Release|Any CPU
		{E7F5A500-C70E-4864-A7B3-83FEFFEA71C4}.Debug|Any CPU.ActiveCfg = Debug|Any CPU
		{E7F5A500-C70E-4864-A7B3-83FEFFEA71C4}.Debug|Any CPU.Build.0 = Debug|Any CPU
		{E7F5A500-C70E-4864-A7B3-83FEFFEA71C4}.Release|Any CPU.ActiveCfg = Release|Any CPU
		{E7F5A500-C70E-4864-A7B3-83FEFFEA71C4}.Release|Any CPU.Build.0 = Release|Any CPU
		{97A38638-F2DB-4DA4-B14B-ACC3D0A78D94}.Debug|Any CPU.ActiveCfg = Debug|Any CPU
		{97A38638-F2DB-4DA4-B14B-ACC3D0A78D94}.Debug|Any CPU.Build.0 = Debug|Any CPU
		{97A38638-F2DB-4DA4-B14B-ACC3D0A78D94}.Release|Any CPU.ActiveCfg = Release|Any CPU
		{97A38638-F2DB-4DA4-B14B-ACC3D0A78D94}.Release|Any CPU.Build.0 = Release|Any CPU
		{96397DCC-72B3-4B1A-A448-563B6CD7E76E}.Debug|Any CPU.ActiveCfg = Debug|Any CPU
		{96397DCC-72B3-4B1A-A448-563B6CD7E76E}.Debug|Any CPU.Build.0 = Debug|Any CPU
		{96397DCC-72B3-4B1A-A448-563B6CD7E76E}.Release|Any CPU.ActiveCfg = Release|Any CPU
		{96397DCC-72B3-4B1A-A448-563B6CD7E76E}.Release|Any CPU.Build.0 = Release|Any CPU
		{F22582E6-1B10-4DC3-B508-D5F1CE269614}.Debug|Any CPU.ActiveCfg = Debug|Any CPU
		{F22582E6-1B10-4DC3-B508-D5F1CE269614}.Debug|Any CPU.Build.0 = Debug|Any CPU
		{F22582E6-1B10-4DC3-B508-D5F1CE269614}.Release|Any CPU.ActiveCfg = Release|Any CPU
		{F22582E6-1B10-4DC3-B508-D5F1CE269614}.Release|Any CPU.Build.0 = Release|Any CPU
		{429193C3-58D2-47FD-944C-61B7F2B357DC}.Debug|Any CPU.ActiveCfg = Debug|Any CPU
		{429193C3-58D2-47FD-944C-61B7F2B357DC}.Debug|Any CPU.Build.0 = Debug|Any CPU
		{429193C3-58D2-47FD-944C-61B7F2B357DC}.Release|Any CPU.ActiveCfg = Release|Any CPU
		{429193C3-58D2-47FD-944C-61B7F2B357DC}.Release|Any CPU.Build.0 = Release|Any CPU
		{114940CA-83A9-4734-A11A-09ABC4EB1E5F}.Debug|Any CPU.ActiveCfg = Debug|Any CPU
		{114940CA-83A9-4734-A11A-09ABC4EB1E5F}.Debug|Any CPU.Build.0 = Debug|Any CPU
		{114940CA-83A9-4734-A11A-09ABC4EB1E5F}.Release|Any CPU.ActiveCfg = Release|Any CPU
		{114940CA-83A9-4734-A11A-09ABC4EB1E5F}.Release|Any CPU.Build.0 = Release|Any CPU
		{88564236-AF96-40E8-8EED-3BBBC9A801AB}.Debug|Any CPU.ActiveCfg = Debug|Any CPU
		{88564236-AF96-40E8-8EED-3BBBC9A801AB}.Debug|Any CPU.Build.0 = Debug|Any CPU
		{88564236-AF96-40E8-8EED-3BBBC9A801AB}.Release|Any CPU.ActiveCfg = Release|Any CPU
		{88564236-AF96-40E8-8EED-3BBBC9A801AB}.Release|Any CPU.Build.0 = Release|Any CPU
		{3E93370D-C097-4209-A35D-FA666BC1D7CA}.Debug|Any CPU.ActiveCfg = Debug|Any CPU
		{3E93370D-C097-4209-A35D-FA666BC1D7CA}.Debug|Any CPU.Build.0 = Debug|Any CPU
		{3E93370D-C097-4209-A35D-FA666BC1D7CA}.Release|Any CPU.ActiveCfg = Release|Any CPU
		{3E93370D-C097-4209-A35D-FA666BC1D7CA}.Release|Any CPU.Build.0 = Release|Any CPU
		{8A932C9D-B7EC-49D9-BD90-88B80CF789DB}.Debug|Any CPU.ActiveCfg = Debug|Any CPU
		{8A932C9D-B7EC-49D9-BD90-88B80CF789DB}.Debug|Any CPU.Build.0 = Debug|Any CPU
		{8A932C9D-B7EC-49D9-BD90-88B80CF789DB}.Release|Any CPU.ActiveCfg = Release|Any CPU
		{8A932C9D-B7EC-49D9-BD90-88B80CF789DB}.Release|Any CPU.Build.0 = Release|Any CPU
		{A4E904A4-2CF1-43E2-97D0-B14AC75A4B87}.Debug|Any CPU.ActiveCfg = Debug|Any CPU
		{A4E904A4-2CF1-43E2-97D0-B14AC75A4B87}.Debug|Any CPU.Build.0 = Debug|Any CPU
		{A4E904A4-2CF1-43E2-97D0-B14AC75A4B87}.Release|Any CPU.ActiveCfg = Release|Any CPU
		{A4E904A4-2CF1-43E2-97D0-B14AC75A4B87}.Release|Any CPU.Build.0 = Release|Any CPU
		{1F4A2DE0-604A-4F10-953E-997E26D90C54}.Debug|Any CPU.ActiveCfg = Debug|Any CPU
		{1F4A2DE0-604A-4F10-953E-997E26D90C54}.Debug|Any CPU.Build.0 = Debug|Any CPU
		{1F4A2DE0-604A-4F10-953E-997E26D90C54}.Release|Any CPU.ActiveCfg = Release|Any CPU
		{1F4A2DE0-604A-4F10-953E-997E26D90C54}.Release|Any CPU.Build.0 = Release|Any CPU
		{0E44F3BF-BF87-49A7-93AF-264E7DD5DDEC}.Debug|Any CPU.ActiveCfg = Debug|Any CPU
		{0E44F3BF-BF87-49A7-93AF-264E7DD5DDEC}.Debug|Any CPU.Build.0 = Debug|Any CPU
		{0E44F3BF-BF87-49A7-93AF-264E7DD5DDEC}.Release|Any CPU.ActiveCfg = Release|Any CPU
		{0E44F3BF-BF87-49A7-93AF-264E7DD5DDEC}.Release|Any CPU.Build.0 = Release|Any CPU
		{56B79CEF-423E-4D7B-B257-C677588A6024}.Debug|Any CPU.ActiveCfg = Debug|Any CPU
		{56B79CEF-423E-4D7B-B257-C677588A6024}.Debug|Any CPU.Build.0 = Debug|Any CPU
		{56B79CEF-423E-4D7B-B257-C677588A6024}.Release|Any CPU.ActiveCfg = Release|Any CPU
		{56B79CEF-423E-4D7B-B257-C677588A6024}.Release|Any CPU.Build.0 = Release|Any CPU
		{CFD92489-82A8-4A86-B559-170FC8441A97}.Debug|Any CPU.ActiveCfg = Debug|Any CPU
		{CFD92489-82A8-4A86-B559-170FC8441A97}.Debug|Any CPU.Build.0 = Debug|Any CPU
		{CFD92489-82A8-4A86-B559-170FC8441A97}.Release|Any CPU.ActiveCfg = Release|Any CPU
		{CFD92489-82A8-4A86-B559-170FC8441A97}.Release|Any CPU.Build.0 = Release|Any CPU
		{A55B4AF8-3B87-4368-A303-51C806D572A3}.Debug|Any CPU.ActiveCfg = Debug|Any CPU
		{A55B4AF8-3B87-4368-A303-51C806D572A3}.Debug|Any CPU.Build.0 = Debug|Any CPU
		{A55B4AF8-3B87-4368-A303-51C806D572A3}.Release|Any CPU.ActiveCfg = Release|Any CPU
		{A55B4AF8-3B87-4368-A303-51C806D572A3}.Release|Any CPU.Build.0 = Release|Any CPU
		{0BD4DFCA-619B-464E-B3D8-280FA7FC49B7}.Debug|Any CPU.ActiveCfg = Debug|Any CPU
		{0BD4DFCA-619B-464E-B3D8-280FA7FC49B7}.Debug|Any CPU.Build.0 = Debug|Any CPU
		{0BD4DFCA-619B-464E-B3D8-280FA7FC49B7}.Release|Any CPU.ActiveCfg = Release|Any CPU
		{0BD4DFCA-619B-464E-B3D8-280FA7FC49B7}.Release|Any CPU.Build.0 = Release|Any CPU
		{B567C968-CB39-4AC7-8792-040D4C344107}.Debug|Any CPU.ActiveCfg = Debug|Any CPU
		{B567C968-CB39-4AC7-8792-040D4C344107}.Debug|Any CPU.Build.0 = Debug|Any CPU
		{B567C968-CB39-4AC7-8792-040D4C344107}.Release|Any CPU.ActiveCfg = Release|Any CPU
		{B567C968-CB39-4AC7-8792-040D4C344107}.Release|Any CPU.Build.0 = Release|Any CPU
		{5A4776CC-9F79-4A7D-AC60-624689F56BEB}.Debug|Any CPU.ActiveCfg = Debug|Any CPU
		{5A4776CC-9F79-4A7D-AC60-624689F56BEB}.Debug|Any CPU.Build.0 = Debug|Any CPU
		{5A4776CC-9F79-4A7D-AC60-624689F56BEB}.Release|Any CPU.ActiveCfg = Release|Any CPU
		{5A4776CC-9F79-4A7D-AC60-624689F56BEB}.Release|Any CPU.Build.0 = Release|Any CPU
		{53FCF8E4-CC60-4CEA-88BF-0FCFB53E754F}.Debug|Any CPU.ActiveCfg = Debug|Any CPU
		{53FCF8E4-CC60-4CEA-88BF-0FCFB53E754F}.Debug|Any CPU.Build.0 = Debug|Any CPU
		{53FCF8E4-CC60-4CEA-88BF-0FCFB53E754F}.Release|Any CPU.ActiveCfg = Release|Any CPU
		{53FCF8E4-CC60-4CEA-88BF-0FCFB53E754F}.Release|Any CPU.Build.0 = Release|Any CPU
		{8A89CEBF-5DA5-4F53-82DE-EC79C428B663}.Debug|Any CPU.ActiveCfg = Debug|Any CPU
		{8A89CEBF-5DA5-4F53-82DE-EC79C428B663}.Debug|Any CPU.Build.0 = Debug|Any CPU
		{8A89CEBF-5DA5-4F53-82DE-EC79C428B663}.Release|Any CPU.ActiveCfg = Release|Any CPU
		{8A89CEBF-5DA5-4F53-82DE-EC79C428B663}.Release|Any CPU.Build.0 = Release|Any CPU
		{94DCA798-7CEC-4CEC-8619-11F3B92E20C7}.Debug|Any CPU.ActiveCfg = Debug|Any CPU
		{94DCA798-7CEC-4CEC-8619-11F3B92E20C7}.Debug|Any CPU.Build.0 = Debug|Any CPU
		{94DCA798-7CEC-4CEC-8619-11F3B92E20C7}.Release|Any CPU.ActiveCfg = Release|Any CPU
		{94DCA798-7CEC-4CEC-8619-11F3B92E20C7}.Release|Any CPU.Build.0 = Release|Any CPU
		{4F18BB88-292F-4C25-89E4-F43779472E92}.Debug|Any CPU.ActiveCfg = Debug|Any CPU
		{4F18BB88-292F-4C25-89E4-F43779472E92}.Debug|Any CPU.Build.0 = Debug|Any CPU
		{4F18BB88-292F-4C25-89E4-F43779472E92}.Release|Any CPU.ActiveCfg = Release|Any CPU
		{4F18BB88-292F-4C25-89E4-F43779472E92}.Release|Any CPU.Build.0 = Release|Any CPU
		{D86D2F42-3969-4B70-B5ED-62554897F2EC}.Debug|Any CPU.ActiveCfg = Debug|Any CPU
		{D86D2F42-3969-4B70-B5ED-62554897F2EC}.Debug|Any CPU.Build.0 = Debug|Any CPU
		{D86D2F42-3969-4B70-B5ED-62554897F2EC}.Release|Any CPU.ActiveCfg = Release|Any CPU
		{D86D2F42-3969-4B70-B5ED-62554897F2EC}.Release|Any CPU.Build.0 = Release|Any CPU
		{FD433386-83D5-4F45-8278-622E07B683DB}.Debug|Any CPU.ActiveCfg = Debug|Any CPU
		{FD433386-83D5-4F45-8278-622E07B683DB}.Debug|Any CPU.Build.0 = Debug|Any CPU
		{FD433386-83D5-4F45-8278-622E07B683DB}.Release|Any CPU.ActiveCfg = Release|Any CPU
		{FD433386-83D5-4F45-8278-622E07B683DB}.Release|Any CPU.Build.0 = Release|Any CPU
	EndGlobalSection
	GlobalSection(SolutionProperties) = preSolution
		HideSolutionNode = FALSE
	EndGlobalSection
	GlobalSection(NestedProjects) = preSolution
		{3DA22C6D-5F2C-4FBA-90C9-17386E101717} = {88E50110-1D82-4434-9949-65599897167F}
		{0D03B5A3-F99E-428E-BE2F-81E0F0C3CEF4} = {88E50110-1D82-4434-9949-65599897167F}
		{C73EBDB6-D76C-41AD-B9C6-2F257F40F7F6} = {88E50110-1D82-4434-9949-65599897167F}
		{ECEAF0BB-01D2-4915-89FF-E738FD3A0884} = {EFC0E396-108D-481D-A73B-3155CD6E9411}
		{E20631CD-4F91-44B0-8DC5-3719907C66F8} = {EFC0E396-108D-481D-A73B-3155CD6E9411}
		{73982B85-006F-4489-9FC5-7C5AB989B9E2} = {EFC0E396-108D-481D-A73B-3155CD6E9411}
		{FA7A1A5A-8E0B-4AD7-848F-5F7A68CD5EAE} = {EFC0E396-108D-481D-A73B-3155CD6E9411}
		{FC25ECB9-9003-4013-945C-8BD0CA5BAAB0} = {EFC0E396-108D-481D-A73B-3155CD6E9411}
		{C9CBA94E-8233-4676-B7B6-CE02F011B89F} = {EFC0E396-108D-481D-A73B-3155CD6E9411}
		{D8495CBD-6315-4048-AD27-FC343C7A47A3} = {EFC0E396-108D-481D-A73B-3155CD6E9411}
		{49238C87-E034-4AE2-B86E-B891DBD2F380} = {EFC0E396-108D-481D-A73B-3155CD6E9411}
		{F1CC4633-DD5E-42F9-B518-0E4D319D62E1} = {EFC0E396-108D-481D-A73B-3155CD6E9411}
		{371A2950-4D3B-4C5B-9ED0-0459CCA00446} = {88E50110-1D82-4434-9949-65599897167F}
		{E4FB5FD2-47AE-4045-9F49-7499D170E024} = {C059F4E5-386A-40DC-BEAA-8716DA42D97B}
		{E7F5A500-C70E-4864-A7B3-83FEFFEA71C4} = {C059F4E5-386A-40DC-BEAA-8716DA42D97B}
		{97A38638-F2DB-4DA4-B14B-ACC3D0A78D94} = {88E50110-1D82-4434-9949-65599897167F}
		{96397DCC-72B3-4B1A-A448-563B6CD7E76E} = {EFC0E396-108D-481D-A73B-3155CD6E9411}
		{F22582E6-1B10-4DC3-B508-D5F1CE269614} = {EFC0E396-108D-481D-A73B-3155CD6E9411}
		{429193C3-58D2-47FD-944C-61B7F2B357DC} = {88E50110-1D82-4434-9949-65599897167F}
		{114940CA-83A9-4734-A11A-09ABC4EB1E5F} = {88E50110-1D82-4434-9949-65599897167F}
		{88564236-AF96-40E8-8EED-3BBBC9A801AB} = {88E50110-1D82-4434-9949-65599897167F}
		{3E93370D-C097-4209-A35D-FA666BC1D7CA} = {88E50110-1D82-4434-9949-65599897167F}
		{8A932C9D-B7EC-49D9-BD90-88B80CF789DB} = {88E50110-1D82-4434-9949-65599897167F}
		{A4E904A4-2CF1-43E2-97D0-B14AC75A4B87} = {88E50110-1D82-4434-9949-65599897167F}
		{1F4A2DE0-604A-4F10-953E-997E26D90C54} = {88E50110-1D82-4434-9949-65599897167F}
		{0E44F3BF-BF87-49A7-93AF-264E7DD5DDEC} = {88E50110-1D82-4434-9949-65599897167F}
		{56B79CEF-423E-4D7B-B257-C677588A6024} = {88E50110-1D82-4434-9949-65599897167F}
		{CFD92489-82A8-4A86-B559-170FC8441A97} = {EFC0E396-108D-481D-A73B-3155CD6E9411}
		{A55B4AF8-3B87-4368-A303-51C806D572A3} = {EFC0E396-108D-481D-A73B-3155CD6E9411}
		{0BD4DFCA-619B-464E-B3D8-280FA7FC49B7} = {EFC0E396-108D-481D-A73B-3155CD6E9411}
		{B567C968-CB39-4AC7-8792-040D4C344107} = {88E50110-1D82-4434-9949-65599897167F}
		{5A4776CC-9F79-4A7D-AC60-624689F56BEB} = {88E50110-1D82-4434-9949-65599897167F}
		{53FCF8E4-CC60-4CEA-88BF-0FCFB53E754F} = {88E50110-1D82-4434-9949-65599897167F}
		{8A89CEBF-5DA5-4F53-82DE-EC79C428B663} = {88E50110-1D82-4434-9949-65599897167F}
		{94DCA798-7CEC-4CEC-8619-11F3B92E20C7} = {88E50110-1D82-4434-9949-65599897167F}
		{4F18BB88-292F-4C25-89E4-F43779472E92} = {88E50110-1D82-4434-9949-65599897167F}
		{D86D2F42-3969-4B70-B5ED-62554897F2EC} = {9081805B-9DF5-48C5-A76F-C537CCD1682F}
		{FD433386-83D5-4F45-8278-622E07B683DB} = {9081805B-9DF5-48C5-A76F-C537CCD1682F}
	EndGlobalSection
	GlobalSection(ExtensibilityGlobals) = postSolution
		SolutionGuid = {A416A000-72D1-4982-99F6-7F5CEE1559A6}
	EndGlobalSection
EndGlobal
